
Microsoft Visual Studio Solution File, Format Version 12.00
# Visual Studio 2012
Project("{FAE04EC0-301F-11D3-BF4B-00C04F79EFBC}") = "FSIX", "FSIX\FSIX.csproj", "{38B15676-4285-45E7-978B-501720B81EE9}"
EndProject
Project("{FAE04EC0-301F-11D3-BF4B-00C04F79EFBC}") = "FSIX.Tests", "FSIX.Tests\FSIX.Tests.csproj", "{282FD85F-7C17-4298-B35E-452362A9986D}"
EndProject
Project("{2150E333-8FDC-42A3-9474-1A3956D46DE8}") = "Solution Items", "Solution Items", "{BEC4605F-8EF0-4FA2-A2C8-AC3F33AB73A2}"
	ProjectSection(SolutionItems) = preProject
		LICENSE.txt = LICENSE.txt
		README.md = README.md
	EndProjectSection
EndProject
Project("{FAE04EC0-301F-11D3-BF4B-00C04F79EFBC}") = "FSIX.Web", "FSIX.Web\FSIX.Web.csproj", "{BE84A2E4-FF9B-406F-BFED-05168ACC9793}"
EndProject
Project("{FAE04EC0-301F-11D3-BF4B-00C04F79EFBC}") = "HotTowel", "HotTowel\HotTowel.csproj", "{0C354D86-5A7A-41CC-B6B2-17F1DA7A55B0}"
EndProject
Project("{FAE04EC0-301F-11D3-BF4B-00C04F79EFBC}") = "FSIX.GC", "FSIX.GC\FSIX.GC.csproj", "{6CC9C0D1-F2AD-4BB2-B414-B6421FD0D725}"
EndProject
Project("{2150E333-8FDC-42A3-9474-1A3956D46DE8}") = ".nuget", ".nuget", "{1DC61441-A60C-4025-A4AC-73B9CE5D068E}"
	ProjectSection(SolutionItems) = preProject
		.nuget\NuGet.Config = .nuget\NuGet.Config
		.nuget\NuGet.exe = .nuget\NuGet.exe
		.nuget\NuGet.targets = .nuget\NuGet.targets
	EndProjectSection
EndProject
Global
	GlobalSection(SolutionConfigurationPlatforms) = preSolution
		Debug|Any CPU = Debug|Any CPU
		Release|Any CPU = Release|Any CPU
	EndGlobalSection
	GlobalSection(ProjectConfigurationPlatforms) = postSolution
		{38B15676-4285-45E7-978B-501720B81EE9}.Debug|Any CPU.ActiveCfg = Debug|Any CPU
		{38B15676-4285-45E7-978B-501720B81EE9}.Debug|Any CPU.Build.0 = Debug|Any CPU
		{38B15676-4285-45E7-978B-501720B81EE9}.Release|Any CPU.ActiveCfg = Release|Any CPU
		{38B15676-4285-45E7-978B-501720B81EE9}.Release|Any CPU.Build.0 = Release|Any CPU
		{282FD85F-7C17-4298-B35E-452362A9986D}.Debug|Any CPU.ActiveCfg = Debug|Any CPU
		{282FD85F-7C17-4298-B35E-452362A9986D}.Debug|Any CPU.Build.0 = Debug|Any CPU
		{282FD85F-7C17-4298-B35E-452362A9986D}.Release|Any CPU.ActiveCfg = Release|Any CPU
		{282FD85F-7C17-4298-B35E-452362A9986D}.Release|Any CPU.Build.0 = Release|Any CPU
		{BE84A2E4-FF9B-406F-BFED-05168ACC9793}.Debug|Any CPU.ActiveCfg = Debug|Any CPU
		{BE84A2E4-FF9B-406F-BFED-05168ACC9793}.Debug|Any CPU.Build.0 = Debug|Any CPU
		{BE84A2E4-FF9B-406F-BFED-05168ACC9793}.Release|Any CPU.ActiveCfg = Release|Any CPU
		{BE84A2E4-FF9B-406F-BFED-05168ACC9793}.Release|Any CPU.Build.0 = Release|Any CPU
		{0C354D86-5A7A-41CC-B6B2-17F1DA7A55B0}.Debug|Any CPU.ActiveCfg = Debug|Any CPU
		{0C354D86-5A7A-41CC-B6B2-17F1DA7A55B0}.Debug|Any CPU.Build.0 = Debug|Any CPU
		{0C354D86-5A7A-41CC-B6B2-17F1DA7A55B0}.Release|Any CPU.ActiveCfg = Release|Any CPU
		{0C354D86-5A7A-41CC-B6B2-17F1DA7A55B0}.Release|Any CPU.Build.0 = Release|Any CPU
		{6CC9C0D1-F2AD-4BB2-B414-B6421FD0D725}.Debug|Any CPU.ActiveCfg = Debug|Any CPU
		{6CC9C0D1-F2AD-4BB2-B414-B6421FD0D725}.Debug|Any CPU.Build.0 = Debug|Any CPU
		{6CC9C0D1-F2AD-4BB2-B414-B6421FD0D725}.Release|Any CPU.ActiveCfg = Release|Any CPU
		{6CC9C0D1-F2AD-4BB2-B414-B6421FD0D725}.Release|Any CPU.Build.0 = Release|Any CPU
	EndGlobalSection
	GlobalSection(SolutionProperties) = preSolution
		HideSolutionNode = FALSE
	EndGlobalSection
EndGlobal
