
Microsoft Visual Studio Solution File, Format Version 12.00
# Visual Studio 2012
Project("{FAE04EC0-301F-11D3-BF4B-00C04F79EFBC}") = "FSIX", "FSIX\FSIX.csproj", "{38B15676-4285-45E7-978B-501720B81EE9}"
EndProject
Project("{FAE04EC0-301F-11D3-BF4B-00C04F79EFBC}") = "FSIX.Tests", "FSIX.Tests\FSIX.Tests.csproj", "{282FD85F-7C17-4298-B35E-452362A9986D}"
EndProject
Project("{FAE04EC0-301F-11D3-BF4B-00C04F79EFBC}") = "FSIX.Data", "FSIX.Data\FSIX.Data.csproj", "{B143E36A-D608-4F9E-8FA7-C6D98233134E}"
EndProject
Project("{FAE04EC0-301F-11D3-BF4B-00C04F79EFBC}") = "FSIX.Data.Tests", "FSIX.Data.Tests\FSIX.Data.Tests.csproj", "{E9E74B41-9F0A-4AC6-9CA0-72575CD696AD}"
EndProject
Project("{FAE04EC0-301F-11D3-BF4B-00C04F79EFBC}") = "AngularSample", "AngularSample\AngularSample.csproj", "{4DCDA7CD-6929-464D-A24B-3E8681E08772}"
EndProject
Global
	GlobalSection(SolutionConfigurationPlatforms) = preSolution
		Debug|Any CPU = Debug|Any CPU
		Release|Any CPU = Release|Any CPU
	EndGlobalSection
	GlobalSection(ProjectConfigurationPlatforms) = postSolution
		{38B15676-4285-45E7-978B-501720B81EE9}.Debug|Any CPU.ActiveCfg = Debug|Any CPU
		{38B15676-4285-45E7-978B-501720B81EE9}.Debug|Any CPU.Build.0 = Debug|Any CPU
		{38B15676-4285-45E7-978B-501720B81EE9}.Release|Any CPU.ActiveCfg = Release|Any CPU
		{38B15676-4285-45E7-978B-501720B81EE9}.Release|Any CPU.Build.0 = Release|Any CPU
		{282FD85F-7C17-4298-B35E-452362A9986D}.Debug|Any CPU.ActiveCfg = Debug|Any CPU
		{282FD85F-7C17-4298-B35E-452362A9986D}.Debug|Any CPU.Build.0 = Debug|Any CPU
		{282FD85F-7C17-4298-B35E-452362A9986D}.Release|Any CPU.ActiveCfg = Release|Any CPU
		{282FD85F-7C17-4298-B35E-452362A9986D}.Release|Any CPU.Build.0 = Release|Any CPU
		{B143E36A-D608-4F9E-8FA7-C6D98233134E}.Debug|Any CPU.ActiveCfg = Debug|Any CPU
		{B143E36A-D608-4F9E-8FA7-C6D98233134E}.Debug|Any CPU.Build.0 = Debug|Any CPU
		{B143E36A-D608-4F9E-8FA7-C6D98233134E}.Release|Any CPU.ActiveCfg = Release|Any CPU
		{B143E36A-D608-4F9E-8FA7-C6D98233134E}.Release|Any CPU.Build.0 = Release|Any CPU
		{E9E74B41-9F0A-4AC6-9CA0-72575CD696AD}.Debug|Any CPU.ActiveCfg = Debug|Any CPU
		{E9E74B41-9F0A-4AC6-9CA0-72575CD696AD}.Debug|Any CPU.Build.0 = Debug|Any CPU
		{E9E74B41-9F0A-4AC6-9CA0-72575CD696AD}.Release|Any CPU.ActiveCfg = Release|Any CPU
		{E9E74B41-9F0A-4AC6-9CA0-72575CD696AD}.Release|Any CPU.Build.0 = Release|Any CPU
		{4DCDA7CD-6929-464D-A24B-3E8681E08772}.Debug|Any CPU.ActiveCfg = Debug|Any CPU
		{4DCDA7CD-6929-464D-A24B-3E8681E08772}.Debug|Any CPU.Build.0 = Debug|Any CPU
		{4DCDA7CD-6929-464D-A24B-3E8681E08772}.Release|Any CPU.ActiveCfg = Release|Any CPU
		{4DCDA7CD-6929-464D-A24B-3E8681E08772}.Release|Any CPU.Build.0 = Release|Any CPU
	EndGlobalSection
	GlobalSection(SolutionProperties) = preSolution
		HideSolutionNode = FALSE
	EndGlobalSection
EndGlobal
